version = 1
requires-python = ">=3.9"

[[package]]
name = "jproperties"
version = "2.1.2"
source = { registry = "https://pypi.org/simple" }
dependencies = [
    { name = "six" },
]
sdist = { url = "https://files.pythonhosted.org/packages/be/27/00abf648c6d573275d409b70196b66d9fb40ef03b8d1baf671ae3774e145/jproperties-2.1.2.tar.gz", hash = "sha256:036fcd52c10a8a1c21e6fa2a1c292c93892e759b76490acc4809213a36ddc329", size = 23860 }
wheels = [
    { url = "https://files.pythonhosted.org/packages/75/6f/55bc5837e9fe7a86a5acb553adec901257d709062bfaef7debd4d8cfee12/jproperties-2.1.2-py2.py3-none-any.whl", hash = "sha256:4108e868353a9f4a12bb86a92df5462d0e18d00119169533972ce473029be79a", size = 17981 },
]

[[package]]
name = "metadata-generator"
version = "0.2.0"
source = { virtual = "." }
dependencies = [
    { name = "jproperties" },
]

[package.metadata]
requires-dist = [{ name = "jproperties", specifier = ">=2.1.2" }]

[[package]]
name = "six"
version = "1.16.0"
source = { registry = "https://pypi.org/simple" }
sdist = { url = "https://files.pythonhosted.org/packages/71/39/171f1c67cd00715f190ba0b100d606d440a28c93c7714febeca8b79af85e/six-1.16.0.tar.gz", hash = "sha256:1e61c37477a1626458e36f7b1d82aa5c9b094fa4802892072e49de9c60c4c926", size = 34041 }
wheels = [
    { url = "https://files.pythonhosted.org/packages/d9/5a/e7c31adbe875f2abbb91bd84cf2dc52d792b5a01506781dbcf25c91daf11/six-1.16.0-py2.py3-none-any.whl", hash = "sha256:8abb2f1d86890a2dfb989f9a77cfcfd3e47c2a354b01111771326f8aa26e0254", size = 11053 },
]
